// !$*UTF8*$!
{
	archiveVersion = 1;
	classes = {
	};
	objectVersion = 50;
	objects = {

/* Begin PBXBuildFile section */
		B7CDFCD325A9733400FA66F4 /* SwiftUIFeedApp.swift in Sources */ = {isa = PBXBuildFile; fileRef = B7CDFCD225A9733400FA66F4 /* SwiftUIFeedApp.swift */; };
		B7CDFCD525A9733400FA66F4 /* ContentView.swift in Sources */ = {isa = PBXBuildFile; fileRef = B7CDFCD425A9733400FA66F4 /* ContentView.swift */; };
		B7CDFCD725A9733500FA66F4 /* Assets.xcassets in Resources */ = {isa = PBXBuildFile; fileRef = B7CDFCD625A9733500FA66F4 /* Assets.xcassets */; };
		B7CDFCDA25A9733500FA66F4 /* Preview Assets.xcassets in Resources */ = {isa = PBXBuildFile; fileRef = B7CDFCD925A9733500FA66F4 /* Preview Assets.xcassets */; };
		B7CDFCE525A9733500FA66F4 /* SwiftUIFeedTests.swift in Sources */ = {isa = PBXBuildFile; fileRef = B7CDFCE425A9733500FA66F4 /* SwiftUIFeedTests.swift */; };
		B7CDFCF025A9733500FA66F4 /* SwiftUIFeedUITests.swift in Sources */ = {isa = PBXBuildFile; fileRef = B7CDFCEF25A9733500FA66F4 /* SwiftUIFeedUITests.swift */; };
/* End PBXBuildFile section */

/* Begin PBXContainerItemProxy section */
		B7CDFCE125A9733500FA66F4 /* PBXContainerItemProxy */ = {
			isa = PBXContainerItemProxy;
			containerPortal = B7CDFCC725A9733400FA66F4 /* Project object */;
			proxyType = 1;
			remoteGlobalIDString = B7CDFCCE25A9733400FA66F4;
			remoteInfo = SwiftUIFeed;
		};
		B7CDFCEC25A9733500FA66F4 /* PBXContainerItemProxy */ = {
			isa = PBXContainerItemProxy;
			containerPortal = B7CDFCC725A9733400FA66F4 /* Project object */;
			proxyType = 1;
			remoteGlobalIDString = B7CDFCCE25A9733400FA66F4;
			remoteInfo = SwiftUIFeed;
		};
/* End PBXContainerItemProxy section */

/* Begin PBXFileReference section */
		B7CDFCCF25A9733400FA66F4 /* SwiftUIFeed.app */ = {isa = PBXFileReference; explicitFileType = wrapper.application; includeInIndex = 0; path = SwiftUIFeed.app; sourceTree = BUILT_PRODUCTS_DIR; };
		B7CDFCD225A9733400FA66F4 /* SwiftUIFeedApp.swift */ = {isa = PBXFileReference; lastKnownFileType = sourcecode.swift; path = SwiftUIFeedApp.swift; sourceTree = "<group>"; };
		B7CDFCD425A9733400FA66F4 /* ContentView.swift */ = {isa = PBXFileReference; lastKnownFileType = sourcecode.swift; path = ContentView.swift; sourceTree = "<group>"; };
		B7CDFCD625A9733500FA66F4 /* Assets.xcassets */ = {isa = PBXFileReference; lastKnownFileType = folder.assetcatalog; path = Assets.xcassets; sourceTree = "<group>"; };
		B7CDFCD925A9733500FA66F4 /* Preview Assets.xcassets */ = {isa = PBXFileReference; lastKnownFileType = folder.assetcatalog; path = "Preview Assets.xcassets"; sourceTree = "<group>"; };
		B7CDFCDB25A9733500FA66F4 /* Info.plist */ = {isa = PBXFileReference; lastKnownFileType = text.plist.xml; path = Info.plist; sourceTree = "<group>"; };
		B7CDFCE025A9733500FA66F4 /* SwiftUIFeedTests.xctest */ = {isa = PBXFileReference; explicitFileType = wrapper.cfbundle; includeInIndex = 0; path = SwiftUIFeedTests.xctest; sourceTree = BUILT_PRODUCTS_DIR; };
		B7CDFCE425A9733500FA66F4 /* SwiftUIFeedTests.swift */ = {isa = PBXFileReference; lastKnownFileType = sourcecode.swift; path = SwiftUIFeedTests.swift; sourceTree = "<group>"; };
		B7CDFCE625A9733500FA66F4 /* Info.plist */ = {isa = PBXFileReference; lastKnownFileType = text.plist.xml; path = Info.plist; sourceTree = "<group>"; };
		B7CDFCEB25A9733500FA66F4 /* SwiftUIFeedUITests.xctest */ = {isa = PBXFileReference; explicitFileType = wrapper.cfbundle; includeInIndex = 0; path = SwiftUIFeedUITests.xctest; sourceTree = BUILT_PRODUCTS_DIR; };
		B7CDFCEF25A9733500FA66F4 /* SwiftUIFeedUITests.swift */ = {isa = PBXFileReference; lastKnownFileType = sourcecode.swift; path = SwiftUIFeedUITests.swift; sourceTree = "<group>"; };
		B7CDFCF125A9733500FA66F4 /* Info.plist */ = {isa = PBXFileReference; lastKnownFileType = text.plist.xml; path = Info.plist; sourceTree = "<group>"; };
/* End PBXFileReference section */

/* Begin PBXFrameworksBuildPhase section */
		B7CDFCCC25A9733400FA66F4 /* Frameworks */ = {
			isa = PBXFrameworksBuildPhase;
			buildActionMask = 2147483647;
			files = (
			);
			runOnlyForDeploymentPostprocessing = 0;
		};
		B7CDFCDD25A9733500FA66F4 /* Frameworks */ = {
			isa = PBXFrameworksBuildPhase;
			buildActionMask = 2147483647;
			files = (
			);
			runOnlyForDeploymentPostprocessing = 0;
		};
		B7CDFCE825A9733500FA66F4 /* Frameworks */ = {
			isa = PBXFrameworksBuildPhase;
			buildActionMask = 2147483647;
			files = (
			);
			runOnlyForDeploymentPostprocessing = 0;
		};
/* End PBXFrameworksBuildPhase section */

/* Begin PBXGroup section */
		B7CDFCC625A9733400FA66F4 = {
			isa = PBXGroup;
			children = (
				B7CDFCD125A9733400FA66F4 /* SwiftUIFeed */,
				B7CDFCE325A9733500FA66F4 /* SwiftUIFeedTests */,
				B7CDFCEE25A9733500FA66F4 /* SwiftUIFeedUITests */,
				B7CDFCD025A9733400FA66F4 /* Products */,
			);
			sourceTree = "<group>";
		};
		B7CDFCD025A9733400FA66F4 /* Products */ = {
			isa = PBXGroup;
			children = (
				B7CDFCCF25A9733400FA66F4 /* SwiftUIFeed.app */,
				B7CDFCE025A9733500FA66F4 /* SwiftUIFeedTests.xctest */,
				B7CDFCEB25A9733500FA66F4 /* SwiftUIFeedUITests.xctest */,
			);
			name = Products;
			sourceTree = "<group>";
		};
		B7CDFCD125A9733400FA66F4 /* SwiftUIFeed */ = {
			isa = PBXGroup;
			children = (
				B7CDFCD225A9733400FA66F4 /* SwiftUIFeedApp.swift */,
				B7CDFCD425A9733400FA66F4 /* ContentView.swift */,
				B7CDFCD625A9733500FA66F4 /* Assets.xcassets */,
				B7CDFCDB25A9733500FA66F4 /* Info.plist */,
				B7CDFCD825A9733500FA66F4 /* Preview Content */,
			);
			path = SwiftUIFeed;
			sourceTree = "<group>";
		};
		B7CDFCD825A9733500FA66F4 /* Preview Content */ = {
			isa = PBXGroup;
			children = (
				B7CDFCD925A9733500FA66F4 /* Preview Assets.xcassets */,
			);
			path = "Preview Content";
			sourceTree = "<group>";
		};
		B7CDFCE325A9733500FA66F4 /* SwiftUIFeedTests */ = {
			isa = PBXGroup;
			children = (
				B7CDFCE425A9733500FA66F4 /* SwiftUIFeedTests.swift */,
				B7CDFCE625A9733500FA66F4 /* Info.plist */,
			);
			path = SwiftUIFeedTests;
			sourceTree = "<group>";
		};
		B7CDFCEE25A9733500FA66F4 /* SwiftUIFeedUITests */ = {
			isa = PBXGroup;
			children = (
				B7CDFCEF25A9733500FA66F4 /* SwiftUIFeedUITests.swift */,
				B7CDFCF125A9733500FA66F4 /* Info.plist */,
			);
			path = SwiftUIFeedUITests;
			sourceTree = "<group>";
		};
/* End PBXGroup section */

/* Begin PBXNativeTarget section */
		B7CDFCCE25A9733400FA66F4 /* SwiftUIFeed */ = {
			isa = PBXNativeTarget;
			buildConfigurationList = B7CDFCF425A9733500FA66F4 /* Build configuration list for PBXNativeTarget "SwiftUIFeed" */;
			buildPhases = (
				B7CDFCCB25A9733400FA66F4 /* Sources */,
				B7CDFCCC25A9733400FA66F4 /* Frameworks */,
				B7CDFCCD25A9733400FA66F4 /* Resources */,
			);
			buildRules = (
			);
			dependencies = (
			);
			name = SwiftUIFeed;
			productName = SwiftUIFeed;
			productReference = B7CDFCCF25A9733400FA66F4 /* SwiftUIFeed.app */;
			productType = "com.apple.product-type.application";
		};
		B7CDFCDF25A9733500FA66F4 /* SwiftUIFeedTests */ = {
			isa = PBXNativeTarget;
			buildConfigurationList = B7CDFCF725A9733500FA66F4 /* Build configuration list for PBXNativeTarget "SwiftUIFeedTests" */;
			buildPhases = (
				B7CDFCDC25A9733500FA66F4 /* Sources */,
				B7CDFCDD25A9733500FA66F4 /* Frameworks */,
				B7CDFCDE25A9733500FA66F4 /* Resources */,
			);
			buildRules = (
			);
			dependencies = (
				B7CDFCE225A9733500FA66F4 /* PBXTargetDependency */,
			);
			name = SwiftUIFeedTests;
			productName = SwiftUIFeedTests;
			productReference = B7CDFCE025A9733500FA66F4 /* SwiftUIFeedTests.xctest */;
			productType = "com.apple.product-type.bundle.unit-test";
		};
		B7CDFCEA25A9733500FA66F4 /* SwiftUIFeedUITests */ = {
			isa = PBXNativeTarget;
			buildConfigurationList = B7CDFCFA25A9733500FA66F4 /* Build configuration list for PBXNativeTarget "SwiftUIFeedUITests" */;
			buildPhases = (
				B7CDFCE725A9733500FA66F4 /* Sources */,
				B7CDFCE825A9733500FA66F4 /* Frameworks */,
				B7CDFCE925A9733500FA66F4 /* Resources */,
			);
			buildRules = (
			);
			dependencies = (
				B7CDFCED25A9733500FA66F4 /* PBXTargetDependency */,
			);
			name = SwiftUIFeedUITests;
			productName = SwiftUIFeedUITests;
			productReference = B7CDFCEB25A9733500FA66F4 /* SwiftUIFeedUITests.xctest */;
			productType = "com.apple.product-type.bundle.ui-testing";
		};
/* End PBXNativeTarget section */

/* Begin PBXProject section */
		B7CDFCC725A9733400FA66F4 /* Project object */ = {
			isa = PBXProject;
			attributes = {
				LastSwiftUpdateCheck = 1230;
				LastUpgradeCheck = 1230;
				TargetAttributes = {
					B7CDFCCE25A9733400FA66F4 = {
						CreatedOnToolsVersion = 12.3;
					};
					B7CDFCDF25A9733500FA66F4 = {
						CreatedOnToolsVersion = 12.3;
						TestTargetID = B7CDFCCE25A9733400FA66F4;
					};
					B7CDFCEA25A9733500FA66F4 = {
						CreatedOnToolsVersion = 12.3;
						TestTargetID = B7CDFCCE25A9733400FA66F4;
					};
				};
			};
			buildConfigurationList = B7CDFCCA25A9733400FA66F4 /* Build configuration list for PBXProject "SwiftUIFeed" */;
			compatibilityVersion = "Xcode 9.3";
			developmentRegion = en;
			hasScannedForEncodings = 0;
			knownRegions = (
				en,
				Base,
			);
			mainGroup = B7CDFCC625A9733400FA66F4;
			productRefGroup = B7CDFCD025A9733400FA66F4 /* Products */;
			projectDirPath = "";
			projectRoot = "";
			targets = (
				B7CDFCCE25A9733400FA66F4 /* SwiftUIFeed */,
				B7CDFCDF25A9733500FA66F4 /* SwiftUIFeedTests */,
				B7CDFCEA25A9733500FA66F4 /* SwiftUIFeedUITests */,
			);
		};
/* End PBXProject section */

/* Begin PBXResourcesBuildPhase section */
		B7CDFCCD25A9733400FA66F4 /* Resources */ = {
			isa = PBXResourcesBuildPhase;
			buildActionMask = 2147483647;
			files = (
				B7CDFCDA25A9733500FA66F4 /* Preview Assets.xcassets in Resources */,
				B7CDFCD725A9733500FA66F4 /* Assets.xcassets in Resources */,
			);
			runOnlyForDeploymentPostprocessing = 0;
		};
		B7CDFCDE25A9733500FA66F4 /* Resources */ = {
			isa = PBXResourcesBuildPhase;
			buildActionMask = 2147483647;
			files = (
			);
			runOnlyForDeploymentPostprocessing = 0;
		};
		B7CDFCE925A9733500FA66F4 /* Resources */ = {
			isa = PBXResourcesBuildPhase;
			buildActionMask = 2147483647;
			files = (
			);
			runOnlyForDeploymentPostprocessing = 0;
		};
/* End PBXResourcesBuildPhase section */

/* Begin PBXSourcesBuildPhase section */
		B7CDFCCB25A9733400FA66F4 /* Sources */ = {
			isa = PBXSourcesBuildPhase;
			buildActionMask = 2147483647;
			files = (
				B7CDFCD525A9733400FA66F4 /* ContentView.swift in Sources */,
				B7CDFCD325A9733400FA66F4 /* SwiftUIFeedApp.swift in Sources */,
			);
			runOnlyForDeploymentPostprocessing = 0;
		};
		B7CDFCDC25A9733500FA66F4 /* Sources */ = {
			isa = PBXSourcesBuildPhase;
			buildActionMask = 2147483647;
			files = (
				B7CDFCE525A9733500FA66F4 /* SwiftUIFeedTests.swift in Sources */,
			);
			runOnlyForDeploymentPostprocessing = 0;
		};
		B7CDFCE725A9733500FA66F4 /* Sources */ = {
			isa = PBXSourcesBuildPhase;
			buildActionMask = 2147483647;
			files = (
				B7CDFCF025A9733500FA66F4 /* SwiftUIFeedUITests.swift in Sources */,
			);
			runOnlyForDeploymentPostprocessing = 0;
		};
/* End PBXSourcesBuildPhase section */

/* Begin PBXTargetDependency section */
		B7CDFCE225A9733500FA66F4 /* PBXTargetDependency */ = {
			isa = PBXTargetDependency;
			target = B7CDFCCE25A9733400FA66F4 /* SwiftUIFeed */;
			targetProxy = B7CDFCE125A9733500FA66F4 /* PBXContainerItemProxy */;
		};
		B7CDFCED25A9733500FA66F4 /* PBXTargetDependency */ = {
			isa = PBXTargetDependency;
			target = B7CDFCCE25A9733400FA66F4 /* SwiftUIFeed */;
			targetProxy = B7CDFCEC25A9733500FA66F4 /* PBXContainerItemProxy */;
		};
/* End PBXTargetDependency section */

/* Begin XCBuildConfiguration section */
		B7CDFCF225A9733500FA66F4 /* Debug */ = {
			isa = XCBuildConfiguration;
			buildSettings = {
				ALWAYS_SEARCH_USER_PATHS = NO;
				CLANG_ANALYZER_NONNULL = YES;
				CLANG_ANALYZER_NUMBER_OBJECT_CONVERSION = YES_AGGRESSIVE;
				CLANG_CXX_LANGUAGE_STANDARD = "gnu++14";
				CLANG_CXX_LIBRARY = "libc++";
				CLANG_ENABLE_MODULES = YES;
				CLANG_ENABLE_OBJC_ARC = YES;
				CLANG_ENABLE_OBJC_WEAK = YES;
				CLANG_WARN_BLOCK_CAPTURE_AUTORELEASING = YES;
				CLANG_WARN_BOOL_CONVERSION = YES;
				CLANG_WARN_COMMA = YES;
				CLANG_WARN_CONSTANT_CONVERSION = YES;
				CLANG_WARN_DEPRECATED_OBJC_IMPLEMENTATIONS = YES;
				CLANG_WARN_DIRECT_OBJC_ISA_USAGE = YES_ERROR;
				CLANG_WARN_DOCUMENTATION_COMMENTS = YES;
				CLANG_WARN_EMPTY_BODY = YES;
				CLANG_WARN_ENUM_CONVERSION = YES;
				CLANG_WARN_INFINITE_RECURSION = YES;
				CLANG_WARN_INT_CONVERSION = YES;
				CLANG_WARN_NON_LITERAL_NULL_CONVERSION = YES;
				CLANG_WARN_OBJC_IMPLICIT_RETAIN_SELF = YES;
				CLANG_WARN_OBJC_LITERAL_CONVERSION = YES;
				CLANG_WARN_OBJC_ROOT_CLASS = YES_ERROR;
				CLANG_WARN_QUOTED_INCLUDE_IN_FRAMEWORK_HEADER = YES;
				CLANG_WARN_RANGE_LOOP_ANALYSIS = YES;
				CLANG_WARN_STRICT_PROTOTYPES = YES;
				CLANG_WARN_SUSPICIOUS_MOVE = YES;
				CLANG_WARN_UNGUARDED_AVAILABILITY = YES_AGGRESSIVE;
				CLANG_WARN_UNREACHABLE_CODE = YES;
				CLANG_WARN__DUPLICATE_METHOD_MATCH = YES;
				COPY_PHASE_STRIP = NO;
				DEBUG_INFORMATION_FORMAT = dwarf;
				ENABLE_STRICT_OBJC_MSGSEND = YES;
				ENABLE_TESTABILITY = YES;
				GCC_C_LANGUAGE_STANDARD = gnu11;
				GCC_DYNAMIC_NO_PIC = NO;
				GCC_NO_COMMON_BLOCKS = YES;
				GCC_OPTIMIZATION_LEVEL = 0;
				GCC_PREPROCESSOR_DEFINITIONS = (
					"DEBUG=1",
					"$(inherited)",
				);
				GCC_WARN_64_TO_32_BIT_CONVERSION = YES;
				GCC_WARN_ABOUT_RETURN_TYPE = YES_ERROR;
				GCC_WARN_UNDECLARED_SELECTOR = YES;
				GCC_WARN_UNINITIALIZED_AUTOS = YES_AGGRESSIVE;
				GCC_WARN_UNUSED_FUNCTION = YES;
				GCC_WARN_UNUSED_VARIABLE = YES;
				IPHONEOS_DEPLOYMENT_TARGET = 14.3;
				MTL_ENABLE_DEBUG_INFO = INCLUDE_SOURCE;
				MTL_FAST_MATH = YES;
				ONLY_ACTIVE_ARCH = YES;
				SDKROOT = iphoneos;
				SWIFT_ACTIVE_COMPILATION_CONDITIONS = DEBUG;
				SWIFT_OPTIMIZATION_LEVEL = "-Onone";
			};
			name = Debug;
		};
		B7CDFCF325A9733500FA66F4 /* Release */ = {
			isa = XCBuildConfiguration;
			buildSettings = {
				ALWAYS_SEARCH_USER_PATHS = NO;
				CLANG_ANALYZER_NONNULL = YES;
				CLANG_ANALYZER_NUMBER_OBJECT_CONVERSION = YES_AGGRESSIVE;
				CLANG_CXX_LANGUAGE_STANDARD = "gnu++14";
				CLANG_CXX_LIBRARY = "libc++";
				CLANG_ENABLE_MODULES = YES;
				CLANG_ENABLE_OBJC_ARC = YES;
				CLANG_ENABLE_OBJC_WEAK = YES;
				CLANG_WARN_BLOCK_CAPTURE_AUTORELEASING = YES;
				CLANG_WARN_BOOL_CONVERSION = YES;
				CLANG_WARN_COMMA = YES;
				CLANG_WARN_CONSTANT_CONVERSION = YES;
				CLANG_WARN_DEPRECATED_OBJC_IMPLEMENTATIONS = YES;
				CLANG_WARN_DIRECT_OBJC_ISA_USAGE = YES_ERROR;
				CLANG_WARN_DOCUMENTATION_COMMENTS = YES;
				CLANG_WARN_EMPTY_BODY = YES;
				CLANG_WARN_ENUM_CONVERSION = YES;
				CLANG_WARN_INFINITE_RECURSION = YES;
				CLANG_WARN_INT_CONVERSION = YES;
				CLANG_WARN_NON_LITERAL_NULL_CONVERSION = YES;
				CLANG_WARN_OBJC_IMPLICIT_RETAIN_SELF = YES;
				CLANG_WARN_OBJC_LITERAL_CONVERSION = YES;
				CLANG_WARN_OBJC_ROOT_CLASS = YES_ERROR;
				CLANG_WARN_QUOTED_INCLUDE_IN_FRAMEWORK_HEADER = YES;
				CLANG_WARN_RANGE_LOOP_ANALYSIS = YES;
				CLANG_WARN_STRICT_PROTOTYPES = YES;
				CLANG_WARN_SUSPICIOUS_MOVE = YES;
				CLANG_WARN_UNGUARDED_AVAILABILITY = YES_AGGRESSIVE;
				CLANG_WARN_UNREACHABLE_CODE = YES;
				CLANG_WARN__DUPLICATE_METHOD_MATCH = YES;
				COPY_PHASE_STRIP = NO;
				DEBUG_INFORMATION_FORMAT = "dwarf-with-dsym";
				ENABLE_NS_ASSERTIONS = NO;
				ENABLE_STRICT_OBJC_MSGSEND = YES;
				GCC_C_LANGUAGE_STANDARD = gnu11;
				GCC_NO_COMMON_BLOCKS = YES;
				GCC_WARN_64_TO_32_BIT_CONVERSION = YES;
				GCC_WARN_ABOUT_RETURN_TYPE = YES_ERROR;
				GCC_WARN_UNDECLARED_SELECTOR = YES;
				GCC_WARN_UNINITIALIZED_AUTOS = YES_AGGRESSIVE;
				GCC_WARN_UNUSED_FUNCTION = YES;
				GCC_WARN_UNUSED_VARIABLE = YES;
				IPHONEOS_DEPLOYMENT_TARGET = 14.3;
				MTL_ENABLE_DEBUG_INFO = NO;
				MTL_FAST_MATH = YES;
				SDKROOT = iphoneos;
				SWIFT_COMPILATION_MODE = wholemodule;
				SWIFT_OPTIMIZATION_LEVEL = "-O";
				VALIDATE_PRODUCT = YES;
			};
			name = Release;
		};
		B7CDFCF525A9733500FA66F4 /* Debug */ = {
			isa = XCBuildConfiguration;
			buildSettings = {
				ASSETCATALOG_COMPILER_APPICON_NAME = AppIcon;
				ASSETCATALOG_COMPILER_GLOBAL_ACCENT_COLOR_NAME = AccentColor;
				CODE_SIGN_STYLE = Automatic;
				DEVELOPMENT_ASSET_PATHS = "\"SwiftUIFeed/Preview Content\"";
				ENABLE_PREVIEWS = YES;
				INFOPLIST_FILE = SwiftUIFeed/Info.plist;
				IPHONEOS_DEPLOYMENT_TARGET = 14.0;
				LD_RUNPATH_SEARCH_PATHS = (
					"$(inherited)",
					"@executable_path/Frameworks",
				);
				PRODUCT_BUNDLE_IDENTIFIER = com.feed.SwiftUIFeed;
				PRODUCT_NAME = "$(TARGET_NAME)";
				SWIFT_VERSION = 5.0;
				TARGETED_DEVICE_FAMILY = "1,2";
			};
			name = Debug;
		};
		B7CDFCF625A9733500FA66F4 /* Release */ = {
			isa = XCBuildConfiguration;
			buildSettings = {
				ASSETCATALOG_COMPILER_APPICON_NAME = AppIcon;
				ASSETCATALOG_COMPILER_GLOBAL_ACCENT_COLOR_NAME = AccentColor;
				CODE_SIGN_STYLE = Automatic;
				DEVELOPMENT_ASSET_PATHS = "\"SwiftUIFeed/Preview Content\"";
				ENABLE_PREVIEWS = YES;
				INFOPLIST_FILE = SwiftUIFeed/Info.plist;
				IPHONEOS_DEPLOYMENT_TARGET = 14.0;
				LD_RUNPATH_SEARCH_PATHS = (
					"$(inherited)",
					"@executable_path/Frameworks",
				);
				PRODUCT_BUNDLE_IDENTIFIER = com.feed.SwiftUIFeed;
				PRODUCT_NAME = "$(TARGET_NAME)";
				SWIFT_VERSION = 5.0;
				TARGETED_DEVICE_FAMILY = "1,2";
			};
			name = Release;
		};
		B7CDFCF825A9733500FA66F4 /* Debug */ = {
			isa = XCBuildConfiguration;
			buildSettings = {
				ALWAYS_EMBED_SWIFT_STANDARD_LIBRARIES = YES;
				BUNDLE_LOADER = "$(TEST_HOST)";
				CODE_SIGN_STYLE = Automatic;
				INFOPLIST_FILE = SwiftUIFeedTests/Info.plist;
				IPHONEOS_DEPLOYMENT_TARGET = 14.0;
				LD_RUNPATH_SEARCH_PATHS = (
					"$(inherited)",
					"@executable_path/Frameworks",
					"@loader_path/Frameworks",
				);
				PRODUCT_BUNDLE_IDENTIFIER = com.feed.SwiftUIFeedTests;
				PRODUCT_NAME = "$(TARGET_NAME)";
				SWIFT_VERSION = 5.0;
				TARGETED_DEVICE_FAMILY = "1,2";
				TEST_HOST = "$(BUILT_PRODUCTS_DIR)/SwiftUIFeed.app/SwiftUIFeed";
			};
			name = Debug;
		};
		B7CDFCF925A9733500FA66F4 /* Release */ = {
			isa = XCBuildConfiguration;
			buildSettings = {
				ALWAYS_EMBED_SWIFT_STANDARD_LIBRARIES = YES;
				BUNDLE_LOADER = "$(TEST_HOST)";
				CODE_SIGN_STYLE = Automatic;
				INFOPLIST_FILE = SwiftUIFeedTests/Info.plist;
				IPHONEOS_DEPLOYMENT_TARGET = 14.0;
				LD_RUNPATH_SEARCH_PATHS = (
					"$(inherited)",
					"@executable_path/Frameworks",
					"@loader_path/Frameworks",
				);
				PRODUCT_BUNDLE_IDENTIFIER = com.feed.SwiftUIFeedTests;
				PRODUCT_NAME = "$(TARGET_NAME)";
				SWIFT_VERSION = 5.0;
				TARGETED_DEVICE_FAMILY = "1,2";
				TEST_HOST = "$(BUILT_PRODUCTS_DIR)/SwiftUIFeed.app/SwiftUIFeed";
			};
			name = Release;
		};
		B7CDFCFB25A9733500FA66F4 /* Debug */ = {
			isa = XCBuildConfiguration;
			buildSettings = {
				ALWAYS_EMBED_SWIFT_STANDARD_LIBRARIES = YES;
				CODE_SIGN_STYLE = Automatic;
				INFOPLIST_FILE = SwiftUIFeedUITests/Info.plist;
				LD_RUNPATH_SEARCH_PATHS = (
					"$(inherited)",
					"@executable_path/Frameworks",
					"@loader_path/Frameworks",
				);
				PRODUCT_BUNDLE_IDENTIFIER = com.feed.SwiftUIFeedUITests;
				PRODUCT_NAME = "$(TARGET_NAME)";
				SWIFT_VERSION = 5.0;
				TARGETED_DEVICE_FAMILY = "1,2";
				TEST_TARGET_NAME = SwiftUIFeed;
			};
			name = Debug;
		};
		B7CDFCFC25A9733500FA66F4 /* Release */ = {
			isa = XCBuildConfiguration;
			buildSettings = {
				ALWAYS_EMBED_SWIFT_STANDARD_LIBRARIES = YES;
				CODE_SIGN_STYLE = Automatic;
				INFOPLIST_FILE = SwiftUIFeedUITests/Info.plist;
				LD_RUNPATH_SEARCH_PATHS = (
					"$(inherited)",
					"@executable_path/Frameworks",
					"@loader_path/Frameworks",
				);
				PRODUCT_BUNDLE_IDENTIFIER = com.feed.SwiftUIFeedUITests;
				PRODUCT_NAME = "$(TARGET_NAME)";
				SWIFT_VERSION = 5.0;
				TARGETED_DEVICE_FAMILY = "1,2";
				TEST_TARGET_NAME = SwiftUIFeed;
			};
			name = Release;
		};
/* End XCBuildConfiguration section */

/* Begin XCConfigurationList section */
		B7CDFCCA25A9733400FA66F4 /* Build configuration list for PBXProject "SwiftUIFeed" */ = {
			isa = XCConfigurationList;
			buildConfigurations = (
				B7CDFCF225A9733500FA66F4 /* Debug */,
				B7CDFCF325A9733500FA66F4 /* Release */,
			);
			defaultConfigurationIsVisible = 0;
			defaultConfigurationName = Release;
		};
		B7CDFCF425A9733500FA66F4 /* Build configuration list for PBXNativeTarget "SwiftUIFeed" */ = {
			isa = XCConfigurationList;
			buildConfigurations = (
				B7CDFCF525A9733500FA66F4 /* Debug */,
				B7CDFCF625A9733500FA66F4 /* Release */,
			);
			defaultConfigurationIsVisible = 0;
			defaultConfigurationName = Release;
		};
		B7CDFCF725A9733500FA66F4 /* Build configuration list for PBXNativeTarget "SwiftUIFeedTests" */ = {
			isa = XCConfigurationList;
			buildConfigurations = (
				B7CDFCF825A9733500FA66F4 /* Debug */,
				B7CDFCF925A9733500FA66F4 /* Release */,
			);
			defaultConfigurationIsVisible = 0;
			defaultConfigurationName = Release;
		};
		B7CDFCFA25A9733500FA66F4 /* Build configuration list for PBXNativeTarget "SwiftUIFeedUITests" */ = {
			isa = XCConfigurationList;
			buildConfigurations = (
				B7CDFCFB25A9733500FA66F4 /* Debug */,
				B7CDFCFC25A9733500FA66F4 /* Release */,
			);
			defaultConfigurationIsVisible = 0;
			defaultConfigurationName = Release;
		};
/* End XCConfigurationList section */
	};
	rootObject = B7CDFCC725A9733400FA66F4 /* Project object */;
}
